// !$*UTF8*$!
{
	archiveVersion = 1;
	classes = {
	};
	objectVersion = 48;
	objects = {

/* Begin PBXBuildFile section */
		411F0F812125EC3400493D34 /* EntranceViewController.swift in Sources */ = {isa = PBXBuildFile; fileRef = 411F0F802125EC3400493D34 /* EntranceViewController.swift */; };
		411F0F832125FA8400493D34 /* checkDirc.swift in Sources */ = {isa = PBXBuildFile; fileRef = 411F0F822125FA8400493D34 /* checkDirc.swift */; };
		4121CA022124D20700BAEB66 /* GoogleService-Info.plist in Resources */ = {isa = PBXBuildFile; fileRef = 4121CA012124D20600BAEB66 /* GoogleService-Info.plist */; };
		4121CA042124D4DE00BAEB66 /* NetworkController.swift in Sources */ = {isa = PBXBuildFile; fileRef = 4121CA032124D4DE00BAEB66 /* NetworkController.swift */; };
		4121CA062124D8FC00BAEB66 /* Leaderboard.swift in Sources */ = {isa = PBXBuildFile; fileRef = 4121CA052124D8FC00BAEB66 /* Leaderboard.swift */; };
		413E113B1FA7DFCB00926D52 /* AppDelegate.swift in Sources */ = {isa = PBXBuildFile; fileRef = 413E113A1FA7DFCB00926D52 /* AppDelegate.swift */; };
		413E11401FA7DFCB00926D52 /* Main.storyboard in Resources */ = {isa = PBXBuildFile; fileRef = 413E113E1FA7DFCB00926D52 /* Main.storyboard */; };
		413E11421FA7DFCB00926D52 /* Assets.xcassets in Resources */ = {isa = PBXBuildFile; fileRef = 413E11411FA7DFCB00926D52 /* Assets.xcassets */; };
		413E11451FA7DFCB00926D52 /* LaunchScreen.storyboard in Resources */ = {isa = PBXBuildFile; fileRef = 413E11431FA7DFCB00926D52 /* LaunchScreen.storyboard */; };
		413E114D1FA7F51600926D52 /* GameView.swift in Sources */ = {isa = PBXBuildFile; fileRef = 413E114C1FA7F51600926D52 /* GameView.swift */; };
		414175DC21248E4A002B1B90 /* setupController.swift in Sources */ = {isa = PBXBuildFile; fileRef = 414175DB21248E4A002B1B90 /* setupController.swift */; };
		416639B02122CE250011D5F3 /* CardPointController.swift in Sources */ = {isa = PBXBuildFile; fileRef = 416639AF2122CE250011D5F3 /* CardPointController.swift */; };
		416639B22122E4680011D5F3 /* ImageController.swift in Sources */ = {isa = PBXBuildFile; fileRef = 416639B12122E4670011D5F3 /* ImageController.swift */; };
		416639B4212312770011D5F3 /* Coordinator.swift in Sources */ = {isa = PBXBuildFile; fileRef = 416639B3212312770011D5F3 /* Coordinator.swift */; };
		416639B6212338F10011D5F3 /* TimeController.swift in Sources */ = {isa = PBXBuildFile; fileRef = 416639B5212338F10011D5F3 /* TimeController.swift */; };
		416639B82123399E0011D5F3 /* TimerDelegate.swift in Sources */ = {isa = PBXBuildFile; fileRef = 416639B72123399E0011D5F3 /* TimerDelegate.swift */; };
		416A63B31FAA4C1800074381 /* GameCardAnimations.swift in Sources */ = {isa = PBXBuildFile; fileRef = 416A63B21FAA4C1800074381 /* GameCardAnimations.swift */; };
		419CEB632126245100414DBF /* OnlineImageCount.swift in Sources */ = {isa = PBXBuildFile; fileRef = 419CEB622126245100414DBF /* OnlineImageCount.swift */; };
		41A50B942121F3DA0034E640 /* Card.swift in Sources */ = {isa = PBXBuildFile; fileRef = 41A50B932121F3DA0034E640 /* Card.swift */; };
		41A50BA021222D7D0034E640 /* CountDownAnimation.swift in Sources */ = {isa = PBXBuildFile; fileRef = 41A50B9F21222D7D0034E640 /* CountDownAnimation.swift */; };
		41A50BA221222F950034E640 /* PreparationDelegate.swift in Sources */ = {isa = PBXBuildFile; fileRef = 41A50BA121222F950034E640 /* PreparationDelegate.swift */; };
		41BFF23A1FAA08B2002F2E0F /* StartController.swift in Sources */ = {isa = PBXBuildFile; fileRef = 41BFF2391FAA08B2002F2E0F /* StartController.swift */; };
		41E30EC02041DD0300C3F17E /* HighScoreView.swift in Sources */ = {isa = PBXBuildFile; fileRef = 41E30EBF2041DD0300C3F17E /* HighScoreView.swift */; };
		6A8F0452EF01965A9ECA3CA9 /* Pods_Key_or_Hay.framework in Frameworks */ = {isa = PBXBuildFile; fileRef = AD35094ACE679D545A92D6DF /* Pods_Key_or_Hay.framework */; };
/* End PBXBuildFile section */

/* Begin PBXFileReference section */
		411F0F802125EC3400493D34 /* EntranceViewController.swift */ = {isa = PBXFileReference; lastKnownFileType = sourcecode.swift; path = EntranceViewController.swift; sourceTree = "<group>"; };
		411F0F822125FA8400493D34 /* checkDirc.swift */ = {isa = PBXFileReference; lastKnownFileType = sourcecode.swift; path = checkDirc.swift; sourceTree = "<group>"; };
		4121CA012124D20600BAEB66 /* GoogleService-Info.plist */ = {isa = PBXFileReference; fileEncoding = 4; lastKnownFileType = text.plist.xml; name = "GoogleService-Info.plist"; path = "../../../../Downloads/GoogleService-Info.plist"; sourceTree = "<group>"; };
		4121CA032124D4DE00BAEB66 /* NetworkController.swift */ = {isa = PBXFileReference; lastKnownFileType = sourcecode.swift; path = NetworkController.swift; sourceTree = "<group>"; };
		4121CA052124D8FC00BAEB66 /* Leaderboard.swift */ = {isa = PBXFileReference; lastKnownFileType = sourcecode.swift; path = Leaderboard.swift; sourceTree = "<group>"; };
		413E11371FA7DFCB00926D52 /* Key or Hay.app */ = {isa = PBXFileReference; explicitFileType = wrapper.application; includeInIndex = 0; path = "Key or Hay.app"; sourceTree = BUILT_PRODUCTS_DIR; };
		413E113A1FA7DFCB00926D52 /* AppDelegate.swift */ = {isa = PBXFileReference; lastKnownFileType = sourcecode.swift; path = AppDelegate.swift; sourceTree = "<group>"; };
		413E113F1FA7DFCB00926D52 /* Base */ = {isa = PBXFileReference; lastKnownFileType = file.storyboard; name = Base; path = Base.lproj/Main.storyboard; sourceTree = "<group>"; };
		413E11411FA7DFCB00926D52 /* Assets.xcassets */ = {isa = PBXFileReference; lastKnownFileType = folder.assetcatalog; path = Assets.xcassets; sourceTree = "<group>"; };
		413E11441FA7DFCB00926D52 /* Base */ = {isa = PBXFileReference; lastKnownFileType = file.storyboard; name = Base; path = Base.lproj/LaunchScreen.storyboard; sourceTree = "<group>"; };
		413E11461FA7DFCB00926D52 /* Info.plist */ = {isa = PBXFileReference; lastKnownFileType = text.plist.xml; path = Info.plist; sourceTree = "<group>"; };
		413E114C1FA7F51600926D52 /* GameView.swift */ = {isa = PBXFileReference; lastKnownFileType = sourcecode.swift; path = GameView.swift; sourceTree = "<group>"; };
		414175DB21248E4A002B1B90 /* setupController.swift */ = {isa = PBXFileReference; lastKnownFileType = sourcecode.swift; path = setupController.swift; sourceTree = "<group>"; };
		416639AF2122CE250011D5F3 /* CardPointController.swift */ = {isa = PBXFileReference; lastKnownFileType = sourcecode.swift; path = CardPointController.swift; sourceTree = "<group>"; };
		416639B12122E4670011D5F3 /* ImageController.swift */ = {isa = PBXFileReference; lastKnownFileType = sourcecode.swift; path = ImageController.swift; sourceTree = "<group>"; };
		416639B3212312770011D5F3 /* Coordinator.swift */ = {isa = PBXFileReference; lastKnownFileType = sourcecode.swift; path = Coordinator.swift; sourceTree = "<group>"; };
		416639B5212338F10011D5F3 /* TimeController.swift */ = {isa = PBXFileReference; lastKnownFileType = sourcecode.swift; path = TimeController.swift; sourceTree = "<group>"; };
		416639B72123399E0011D5F3 /* TimerDelegate.swift */ = {isa = PBXFileReference; lastKnownFileType = sourcecode.swift; path = TimerDelegate.swift; sourceTree = "<group>"; };
		416A63B21FAA4C1800074381 /* GameCardAnimations.swift */ = {isa = PBXFileReference; lastKnownFileType = sourcecode.swift; path = GameCardAnimations.swift; sourceTree = "<group>"; };
		418AE8942124CEE40004C47F /* Notes.md */ = {isa = PBXFileReference; lastKnownFileType = net.daringfireball.markdown; path = Notes.md; sourceTree = "<group>"; };
		419CEB622126245100414DBF /* OnlineImageCount.swift */ = {isa = PBXFileReference; lastKnownFileType = sourcecode.swift; path = OnlineImageCount.swift; sourceTree = "<group>"; };
		41A50B932121F3DA0034E640 /* Card.swift */ = {isa = PBXFileReference; lastKnownFileType = sourcecode.swift; path = Card.swift; sourceTree = "<group>"; };
		41A50B9F21222D7D0034E640 /* CountDownAnimation.swift */ = {isa = PBXFileReference; lastKnownFileType = sourcecode.swift; path = CountDownAnimation.swift; sourceTree = "<group>"; };
		41A50BA121222F950034E640 /* PreparationDelegate.swift */ = {isa = PBXFileReference; lastKnownFileType = sourcecode.swift; path = PreparationDelegate.swift; sourceTree = "<group>"; };
		41BFF2391FAA08B2002F2E0F /* StartController.swift */ = {isa = PBXFileReference; lastKnownFileType = sourcecode.swift; path = StartController.swift; sourceTree = "<group>"; };
		41E30EBF2041DD0300C3F17E /* HighScoreView.swift */ = {isa = PBXFileReference; lastKnownFileType = sourcecode.swift; path = HighScoreView.swift; sourceTree = "<group>"; };
		63EB1C6C03BBB2678D1018F5 /* Pods-Key or Hay.release.xcconfig */ = {isa = PBXFileReference; includeInIndex = 1; lastKnownFileType = text.xcconfig; name = "Pods-Key or Hay.release.xcconfig"; path = "Pods/Target Support Files/Pods-Key or Hay/Pods-Key or Hay.release.xcconfig"; sourceTree = "<group>"; };
		AD35094ACE679D545A92D6DF /* Pods_Key_or_Hay.framework */ = {isa = PBXFileReference; explicitFileType = wrapper.framework; includeInIndex = 0; path = Pods_Key_or_Hay.framework; sourceTree = BUILT_PRODUCTS_DIR; };
		C2F3EA57E017113462BFD8D0 /* Pods-Key or Hay.debug.xcconfig */ = {isa = PBXFileReference; includeInIndex = 1; lastKnownFileType = text.xcconfig; name = "Pods-Key or Hay.debug.xcconfig"; path = "Pods/Target Support Files/Pods-Key or Hay/Pods-Key or Hay.debug.xcconfig"; sourceTree = "<group>"; };
/* End PBXFileReference section */

/* Begin PBXFrameworksBuildPhase section */
		413E11341FA7DFCB00926D52 /* Frameworks */ = {
			isa = PBXFrameworksBuildPhase;
			buildActionMask = 2147483647;
			files = (
				6A8F0452EF01965A9ECA3CA9 /* Pods_Key_or_Hay.framework in Frameworks */,
			);
			runOnlyForDeploymentPostprocessing = 0;
		};
/* End PBXFrameworksBuildPhase section */

/* Begin PBXGroup section */
		413E112E1FA7DFCB00926D52 = {
			isa = PBXGroup;
			children = (
				413E11391FA7DFCB00926D52 /* Key or Hay */,
				413E11381FA7DFCB00926D52 /* Products */,
				65AF1D346879575312F06571 /* Pods */,
				EAC9DA23E0C6BDDB17CBACFE /* Frameworks */,
			);
			sourceTree = "<group>";
		};
		413E11381FA7DFCB00926D52 /* Products */ = {
			isa = PBXGroup;
			children = (
				413E11371FA7DFCB00926D52 /* Key or Hay.app */,
			);
			name = Products;
			sourceTree = "<group>";
		};
		413E11391FA7DFCB00926D52 /* Key or Hay */ = {
			isa = PBXGroup;
			children = (
				41A50B9A21221B9F0034E640 /* Delegate */,
				41A50B922121F3050034E640 /* Model */,
				41A50B97212213070034E640 /* View */,
				41A8DD7D1FB114D900925712 /* Controller */,
				414175DA21248E36002B1B90 /* Extensions */,
				413E113E1FA7DFCB00926D52 /* Main.storyboard */,
				413E11411FA7DFCB00926D52 /* Assets.xcassets */,
				413E11431FA7DFCB00926D52 /* LaunchScreen.storyboard */,
				413E11461FA7DFCB00926D52 /* Info.plist */,
				418AE8942124CEE40004C47F /* Notes.md */,
				4121CA012124D20600BAEB66 /* GoogleService-Info.plist */,
			);
			path = "Key or Hay";
			sourceTree = "<group>";
		};
		414175DA21248E36002B1B90 /* Extensions */ = {
			isa = PBXGroup;
			children = (
				414175DB21248E4A002B1B90 /* setupController.swift */,
				411F0F822125FA8400493D34 /* checkDirc.swift */,
			);
			path = Extensions;
			sourceTree = "<group>";
		};
		419CEB612126241100414DBF /* Data */ = {
			isa = PBXGroup;
			children = (
				416639B12122E4670011D5F3 /* ImageController.swift */,
				4121CA032124D4DE00BAEB66 /* NetworkController.swift */,
				419CEB622126245100414DBF /* OnlineImageCount.swift */,
			);
			path = Data;
			sourceTree = "<group>";
		};
		41A50B922121F3050034E640 /* Model */ = {
			isa = PBXGroup;
			children = (
				41A50B932121F3DA0034E640 /* Card.swift */,
				4121CA052124D8FC00BAEB66 /* Leaderboard.swift */,
				416A63B21FAA4C1800074381 /* GameCardAnimations.swift */,
				41A50B9F21222D7D0034E640 /* CountDownAnimation.swift */,
			);
			path = Model;
			sourceTree = "<group>";
		};
		41A50B97212213070034E640 /* View */ = {
			isa = PBXGroup;
			children = (
				413E114C1FA7F51600926D52 /* GameView.swift */,
				41E30EBF2041DD0300C3F17E /* HighScoreView.swift */,
			);
			path = View;
			sourceTree = "<group>";
		};
		41A50B9A21221B9F0034E640 /* Delegate */ = {
			isa = PBXGroup;
			children = (
				413E113A1FA7DFCB00926D52 /* AppDelegate.swift */,
				41A50BA121222F950034E640 /* PreparationDelegate.swift */,
				416639B72123399E0011D5F3 /* TimerDelegate.swift */,
			);
			path = Delegate;
			sourceTree = "<group>";
		};
		41A8DD7D1FB114D900925712 /* Controller */ = {
			isa = PBXGroup;
			children = (
				416639B3212312770011D5F3 /* Coordinator.swift */,
				411F0F802125EC3400493D34 /* EntranceViewController.swift */,
				41BFF2391FAA08B2002F2E0F /* StartController.swift */,
				416639AF2122CE250011D5F3 /* CardPointController.swift */,
				416639B5212338F10011D5F3 /* TimeController.swift */,
				419CEB612126241100414DBF /* Data */,
			);
			path = Controller;
			sourceTree = "<group>";
		};
		65AF1D346879575312F06571 /* Pods */ = {
			isa = PBXGroup;
			children = (
				C2F3EA57E017113462BFD8D0 /* Pods-Key or Hay.debug.xcconfig */,
				63EB1C6C03BBB2678D1018F5 /* Pods-Key or Hay.release.xcconfig */,
			);
			name = Pods;
			sourceTree = "<group>";
		};
		EAC9DA23E0C6BDDB17CBACFE /* Frameworks */ = {
			isa = PBXGroup;
			children = (
				AD35094ACE679D545A92D6DF /* Pods_Key_or_Hay.framework */,
			);
			name = Frameworks;
			sourceTree = "<group>";
		};
/* End PBXGroup section */

/* Begin PBXNativeTarget section */
		413E11361FA7DFCB00926D52 /* Key or Hay */ = {
			isa = PBXNativeTarget;
			buildConfigurationList = 413E11491FA7DFCB00926D52 /* Build configuration list for PBXNativeTarget "Key or Hay" */;
			buildPhases = (
				27A40D488ED186E0F128E9A7 /* [CP] Check Pods Manifest.lock */,
				413E11331FA7DFCB00926D52 /* Sources */,
				413E11341FA7DFCB00926D52 /* Frameworks */,
				413E11351FA7DFCB00926D52 /* Resources */,
				A3FD6DAE13F41D8F7D9FE7C7 /* [CP] Embed Pods Frameworks */,
			);
			buildRules = (
			);
			dependencies = (
			);
			name = "Key or Hay";
			productName = "Key or Hay";
			productReference = 413E11371FA7DFCB00926D52 /* Key or Hay.app */;
			productType = "com.apple.product-type.application";
		};
/* End PBXNativeTarget section */

/* Begin PBXProject section */
		413E112F1FA7DFCB00926D52 /* Project object */ = {
			isa = PBXProject;
			attributes = {
				LastSwiftUpdateCheck = 0900;
				LastUpgradeCheck = 0900;
				ORGANIZATIONNAME = "Ali Ebrahimi Pourasad";
				TargetAttributes = {
					413E11361FA7DFCB00926D52 = {
						CreatedOnToolsVersion = 9.0.1;
						ProvisioningStyle = Automatic;
					};
				};
			};
			buildConfigurationList = 413E11321FA7DFCB00926D52 /* Build configuration list for PBXProject "Key or Hay" */;
			compatibilityVersion = "Xcode 8.0";
			developmentRegion = en;
			hasScannedForEncodings = 0;
			knownRegions = (
				en,
				Base,
			);
			mainGroup = 413E112E1FA7DFCB00926D52;
			productRefGroup = 413E11381FA7DFCB00926D52 /* Products */;
			projectDirPath = "";
			projectRoot = "";
			targets = (
				413E11361FA7DFCB00926D52 /* Key or Hay */,
			);
		};
/* End PBXProject section */

/* Begin PBXResourcesBuildPhase section */
		413E11351FA7DFCB00926D52 /* Resources */ = {
			isa = PBXResourcesBuildPhase;
			buildActionMask = 2147483647;
			files = (
				413E11451FA7DFCB00926D52 /* LaunchScreen.storyboard in Resources */,
				4121CA022124D20700BAEB66 /* GoogleService-Info.plist in Resources */,
				413E11421FA7DFCB00926D52 /* Assets.xcassets in Resources */,
				413E11401FA7DFCB00926D52 /* Main.storyboard in Resources */,
			);
			runOnlyForDeploymentPostprocessing = 0;
		};
/* End PBXResourcesBuildPhase section */

/* Begin PBXShellScriptBuildPhase section */
		27A40D488ED186E0F128E9A7 /* [CP] Check Pods Manifest.lock */ = {
			isa = PBXShellScriptBuildPhase;
			buildActionMask = 2147483647;
			files = (
			);
			inputPaths = (
				"${PODS_PODFILE_DIR_PATH}/Podfile.lock",
				"${PODS_ROOT}/Manifest.lock",
			);
			name = "[CP] Check Pods Manifest.lock";
			outputPaths = (
				"$(DERIVED_FILE_DIR)/Pods-Key or Hay-checkManifestLockResult.txt",
			);
			runOnlyForDeploymentPostprocessing = 0;
			shellPath = /bin/sh;
			shellScript = "diff \"${PODS_PODFILE_DIR_PATH}/Podfile.lock\" \"${PODS_ROOT}/Manifest.lock\" > /dev/null\nif [ $? != 0 ] ; then\n    # print error to STDERR\n    echo \"error: The sandbox is not in sync with the Podfile.lock. Run 'pod install' or update your CocoaPods installation.\" >&2\n    exit 1\nfi\n# This output is used by Xcode 'outputs' to avoid re-running this script phase.\necho \"SUCCESS\" > \"${SCRIPT_OUTPUT_FILE_0}\"\n";
			showEnvVarsInLog = 0;
		};
		A3FD6DAE13F41D8F7D9FE7C7 /* [CP] Embed Pods Frameworks */ = {
			isa = PBXShellScriptBuildPhase;
			buildActionMask = 2147483647;
			files = (
			);
			inputPaths = (
				"${SRCROOT}/Pods/Target Support Files/Pods-Key or Hay/Pods-Key or Hay-frameworks.sh",
				"${BUILT_PRODUCTS_DIR}/ChameleonFramework/ChameleonFramework.framework",
				"${BUILT_PRODUCTS_DIR}/FontAwesomeKit/FontAwesomeKit.framework",
				"${BUILT_PRODUCTS_DIR}/GTMSessionFetcher/GTMSessionFetcher.framework",
				"${BUILT_PRODUCTS_DIR}/GoogleUtilities/GoogleUtilities.framework",
				"${BUILT_PRODUCTS_DIR}/Spring/Spring.framework",
				"${BUILT_PRODUCTS_DIR}/TextFieldEffects/TextFieldEffects.framework",
				"${BUILT_PRODUCTS_DIR}/leveldb-library/leveldb.framework",
				"${BUILT_PRODUCTS_DIR}/nanopb/nanopb.framework",
			);
			name = "[CP] Embed Pods Frameworks";
			outputPaths = (
				"${TARGET_BUILD_DIR}/${FRAMEWORKS_FOLDER_PATH}/ChameleonFramework.framework",
				"${TARGET_BUILD_DIR}/${FRAMEWORKS_FOLDER_PATH}/FontAwesomeKit.framework",
				"${TARGET_BUILD_DIR}/${FRAMEWORKS_FOLDER_PATH}/GTMSessionFetcher.framework",
				"${TARGET_BUILD_DIR}/${FRAMEWORKS_FOLDER_PATH}/GoogleUtilities.framework",
				"${TARGET_BUILD_DIR}/${FRAMEWORKS_FOLDER_PATH}/Spring.framework",
				"${TARGET_BUILD_DIR}/${FRAMEWORKS_FOLDER_PATH}/TextFieldEffects.framework",
				"${TARGET_BUILD_DIR}/${FRAMEWORKS_FOLDER_PATH}/leveldb.framework",
				"${TARGET_BUILD_DIR}/${FRAMEWORKS_FOLDER_PATH}/nanopb.framework",
			);
			runOnlyForDeploymentPostprocessing = 0;
			shellPath = /bin/sh;
			shellScript = "\"${SRCROOT}/Pods/Target Support Files/Pods-Key or Hay/Pods-Key or Hay-frameworks.sh\"\n";
			showEnvVarsInLog = 0;
		};
/* End PBXShellScriptBuildPhase section */

/* Begin PBXSourcesBuildPhase section */
		413E11331FA7DFCB00926D52 /* Sources */ = {
			isa = PBXSourcesBuildPhase;
			buildActionMask = 2147483647;
			files = (
				41A50BA221222F950034E640 /* PreparationDelegate.swift in Sources */,
				416A63B31FAA4C1800074381 /* GameCardAnimations.swift in Sources */,
				413E114D1FA7F51600926D52 /* GameView.swift in Sources */,
				41A50B942121F3DA0034E640 /* Card.swift in Sources */,
				416639B6212338F10011D5F3 /* TimeController.swift in Sources */,
				416639B22122E4680011D5F3 /* ImageController.swift in Sources */,
				411F0F812125EC3400493D34 /* EntranceViewController.swift in Sources */,
				419CEB632126245100414DBF /* OnlineImageCount.swift in Sources */,
				413E113B1FA7DFCB00926D52 /* AppDelegate.swift in Sources */,
				41BFF23A1FAA08B2002F2E0F /* StartController.swift in Sources */,
				4121CA042124D4DE00BAEB66 /* NetworkController.swift in Sources */,
				411F0F832125FA8400493D34 /* checkDirc.swift in Sources */,
				416639B82123399E0011D5F3 /* TimerDelegate.swift in Sources */,
				4121CA062124D8FC00BAEB66 /* Leaderboard.swift in Sources */,
				414175DC21248E4A002B1B90 /* setupController.swift in Sources */,
				41A50BA021222D7D0034E640 /* CountDownAnimation.swift in Sources */,
				416639B4212312770011D5F3 /* Coordinator.swift in Sources */,
				416639B02122CE250011D5F3 /* CardPointController.swift in Sources */,
				41E30EC02041DD0300C3F17E /* HighScoreView.swift in Sources */,
			);
			runOnlyForDeploymentPostprocessing = 0;
		};
/* End PBXSourcesBuildPhase section */

/* Begin PBXVariantGroup section */
		413E113E1FA7DFCB00926D52 /* Main.storyboard */ = {
			isa = PBXVariantGroup;
			children = (
				413E113F1FA7DFCB00926D52 /* Base */,
			);
			name = Main.storyboard;
			sourceTree = "<group>";
		};
		413E11431FA7DFCB00926D52 /* LaunchScreen.storyboard */ = {
			isa = PBXVariantGroup;
			children = (
				413E11441FA7DFCB00926D52 /* Base */,
			);
			name = LaunchScreen.storyboard;
			sourceTree = "<group>";
		};
/* End PBXVariantGroup section */

/* Begin XCBuildConfiguration section */
		413E11471FA7DFCB00926D52 /* Debug */ = {
			isa = XCBuildConfiguration;
			buildSettings = {
				ALWAYS_SEARCH_USER_PATHS = NO;
				CLANG_ANALYZER_NONNULL = YES;
				CLANG_ANALYZER_NUMBER_OBJECT_CONVERSION = YES_AGGRESSIVE;
				CLANG_CXX_LANGUAGE_STANDARD = "gnu++14";
				CLANG_CXX_LIBRARY = "libc++";
				CLANG_ENABLE_MODULES = YES;
				CLANG_ENABLE_OBJC_ARC = YES;
				CLANG_WARN_BLOCK_CAPTURE_AUTORELEASING = YES;
				CLANG_WARN_BOOL_CONVERSION = YES;
				CLANG_WARN_COMMA = YES;
				CLANG_WARN_CONSTANT_CONVERSION = YES;
				CLANG_WARN_DIRECT_OBJC_ISA_USAGE = YES_ERROR;
				CLANG_WARN_DOCUMENTATION_COMMENTS = YES;
				CLANG_WARN_EMPTY_BODY = YES;
				CLANG_WARN_ENUM_CONVERSION = YES;
				CLANG_WARN_INFINITE_RECURSION = YES;
				CLANG_WARN_INT_CONVERSION = YES;
				CLANG_WARN_NON_LITERAL_NULL_CONVERSION = YES;
				CLANG_WARN_OBJC_LITERAL_CONVERSION = YES;
				CLANG_WARN_OBJC_ROOT_CLASS = YES_ERROR;
				CLANG_WARN_RANGE_LOOP_ANALYSIS = YES;
				CLANG_WARN_STRICT_PROTOTYPES = YES;
				CLANG_WARN_SUSPICIOUS_MOVE = YES;
				CLANG_WARN_UNGUARDED_AVAILABILITY = YES_AGGRESSIVE;
				CLANG_WARN_UNREACHABLE_CODE = YES;
				CLANG_WARN__DUPLICATE_METHOD_MATCH = YES;
				CODE_SIGN_IDENTITY = "iPhone Developer";
				COPY_PHASE_STRIP = NO;
				DEBUG_INFORMATION_FORMAT = dwarf;
				ENABLE_STRICT_OBJC_MSGSEND = YES;
				ENABLE_TESTABILITY = YES;
				GCC_C_LANGUAGE_STANDARD = gnu11;
				GCC_DYNAMIC_NO_PIC = NO;
				GCC_NO_COMMON_BLOCKS = YES;
				GCC_OPTIMIZATION_LEVEL = 0;
				GCC_PREPROCESSOR_DEFINITIONS = (
					"DEBUG=1",
					"$(inherited)",
				);
				GCC_WARN_64_TO_32_BIT_CONVERSION = YES;
				GCC_WARN_ABOUT_RETURN_TYPE = YES_ERROR;
				GCC_WARN_UNDECLARED_SELECTOR = YES;
				GCC_WARN_UNINITIALIZED_AUTOS = YES_AGGRESSIVE;
				GCC_WARN_UNUSED_FUNCTION = YES;
				GCC_WARN_UNUSED_VARIABLE = YES;
				IPHONEOS_DEPLOYMENT_TARGET = 11.3;
				MTL_ENABLE_DEBUG_INFO = YES;
				ONLY_ACTIVE_ARCH = YES;
				SDKROOT = iphoneos;
				SWIFT_ACTIVE_COMPILATION_CONDITIONS = DEBUG;
				SWIFT_OPTIMIZATION_LEVEL = "-Onone";
			};
			name = Debug;
		};
		413E11481FA7DFCB00926D52 /* Release */ = {
			isa = XCBuildConfiguration;
			buildSettings = {
				ALWAYS_SEARCH_USER_PATHS = NO;
				CLANG_ANALYZER_NONNULL = YES;
				CLANG_ANALYZER_NUMBER_OBJECT_CONVERSION = YES_AGGRESSIVE;
				CLANG_CXX_LANGUAGE_STANDARD = "gnu++14";
				CLANG_CXX_LIBRARY = "libc++";
				CLANG_ENABLE_MODULES = YES;
				CLANG_ENABLE_OBJC_ARC = YES;
				CLANG_WARN_BLOCK_CAPTURE_AUTORELEASING = YES;
				CLANG_WARN_BOOL_CONVERSION = YES;
				CLANG_WARN_COMMA = YES;
				CLANG_WARN_CONSTANT_CONVERSION = YES;
				CLANG_WARN_DIRECT_OBJC_ISA_USAGE = YES_ERROR;
				CLANG_WARN_DOCUMENTATION_COMMENTS = YES;
				CLANG_WARN_EMPTY_BODY = YES;
				CLANG_WARN_ENUM_CONVERSION = YES;
				CLANG_WARN_INFINITE_RECURSION = YES;
				CLANG_WARN_INT_CONVERSION = YES;
				CLANG_WARN_NON_LITERAL_NULL_CONVERSION = YES;
				CLANG_WARN_OBJC_LITERAL_CONVERSION = YES;
				CLANG_WARN_OBJC_ROOT_CLASS = YES_ERROR;
				CLANG_WARN_RANGE_LOOP_ANALYSIS = YES;
				CLANG_WARN_STRICT_PROTOTYPES = YES;
				CLANG_WARN_SUSPICIOUS_MOVE = YES;
				CLANG_WARN_UNGUARDED_AVAILABILITY = YES_AGGRESSIVE;
				CLANG_WARN_UNREACHABLE_CODE = YES;
				CLANG_WARN__DUPLICATE_METHOD_MATCH = YES;
				CODE_SIGN_IDENTITY = "iPhone Developer";
				COPY_PHASE_STRIP = NO;
				DEBUG_INFORMATION_FORMAT = "dwarf-with-dsym";
				ENABLE_NS_ASSERTIONS = NO;
				ENABLE_STRICT_OBJC_MSGSEND = YES;
				GCC_C_LANGUAGE_STANDARD = gnu11;
				GCC_NO_COMMON_BLOCKS = YES;
				GCC_WARN_64_TO_32_BIT_CONVERSION = YES;
				GCC_WARN_ABOUT_RETURN_TYPE = YES_ERROR;
				GCC_WARN_UNDECLARED_SELECTOR = YES;
				GCC_WARN_UNINITIALIZED_AUTOS = YES_AGGRESSIVE;
				GCC_WARN_UNUSED_FUNCTION = YES;
				GCC_WARN_UNUSED_VARIABLE = YES;
				IPHONEOS_DEPLOYMENT_TARGET = 11.3;
				MTL_ENABLE_DEBUG_INFO = NO;
				SDKROOT = iphoneos;
				SWIFT_OPTIMIZATION_LEVEL = "-Owholemodule";
				VALIDATE_PRODUCT = YES;
			};
			name = Release;
		};
		413E114A1FA7DFCB00926D52 /* Debug */ = {
			isa = XCBuildConfiguration;
			baseConfigurationReference = C2F3EA57E017113462BFD8D0 /* Pods-Key or Hay.debug.xcconfig */;
			buildSettings = {
				ASSETCATALOG_COMPILER_APPICON_NAME = AppIcon;
				CODE_SIGN_STYLE = Automatic;
				DEVELOPMENT_TEAM = 7RKKG423GF;
				INFOPLIST_FILE = "Key or Hay/Info.plist";
				LD_RUNPATH_SEARCH_PATHS = "$(inherited) @executable_path/Frameworks";
				PRODUCT_BUNDLE_IDENTIFIER = "test.Hay-or-Key";
				PRODUCT_NAME = "$(TARGET_NAME)";
				SWIFT_VERSION = 4.0;
				TARGETED_DEVICE_FAMILY = 1;
			};
			name = Debug;
		};
		413E114B1FA7DFCB00926D52 /* Release */ = {
			isa = XCBuildConfiguration;
			baseConfigurationReference = 63EB1C6C03BBB2678D1018F5 /* Pods-Key or Hay.release.xcconfig */;
			buildSettings = {
				ASSETCATALOG_COMPILER_APPICON_NAME = AppIcon;
				CODE_SIGN_STYLE = Automatic;
				DEVELOPMENT_TEAM = 7RKKG423GF;
				INFOPLIST_FILE = "Key or Hay/Info.plist";
				LD_RUNPATH_SEARCH_PATHS = "$(inherited) @executable_path/Frameworks";
				PRODUCT_BUNDLE_IDENTIFIER = "test.Hay-or-Key";
				PRODUCT_NAME = "$(TARGET_NAME)";
				SWIFT_VERSION = 4.0;
				TARGETED_DEVICE_FAMILY = 1;
			};
			name = Release;
		};
/* End XCBuildConfiguration section */

/* Begin XCConfigurationList section */
		413E11321FA7DFCB00926D52 /* Build configuration list for PBXProject "Key or Hay" */ = {
			isa = XCConfigurationList;
			buildConfigurations = (
				413E11471FA7DFCB00926D52 /* Debug */,
				413E11481FA7DFCB00926D52 /* Release */,
			);
			defaultConfigurationIsVisible = 0;
			defaultConfigurationName = Release;
		};
		413E11491FA7DFCB00926D52 /* Build configuration list for PBXNativeTarget "Key or Hay" */ = {
			isa = XCConfigurationList;
			buildConfigurations = (
				413E114A1FA7DFCB00926D52 /* Debug */,
				413E114B1FA7DFCB00926D52 /* Release */,
			);
			defaultConfigurationIsVisible = 0;
			defaultConfigurationName = Release;
		};
/* End XCConfigurationList section */
	};
	rootObject = 413E112F1FA7DFCB00926D52 /* Project object */;
}
